
Microsoft Visual Studio Solution File, Format Version 12.00
# Visual Studio 15
VisualStudioVersion = 15.0.28307.489
MinimumVisualStudioVersion = 10.0.40219.1
Project("{FAE04EC0-301F-11D3-BF4B-00C04F79EFBC}") = "DuplicatesInOnTime", "DuplicatesInOnTime\DuplicatesInOnTime.csproj", "{887190B9-A4F4-4D56-9A20-3C8C18259FAC}"
EndProject
Project("{FAE04EC0-301F-11D3-BF4B-00C04F79EFBC}") = "DI String Match", "DI String Match\DI String Match.csproj", "{591448E8-68A8-4B23-9306-0CC06F1FC470}"
EndProject
Project("{FAE04EC0-301F-11D3-BF4B-00C04F79EFBC}") = "MaximumProduct", "MaximumProduct\MaximumProduct.csproj", "{7CAA96D4-923B-4875-A7C8-641B11F18A37}"
EndProject
Project("{FAE04EC0-301F-11D3-BF4B-00C04F79EFBC}") = "Best Time to Buy and Sell Stock", "Best Time to Buy and Sell Stock\Best Time to Buy and Sell Stock.csproj", "{D2B416FA-AFA0-4928-8848-48AD7A8E2830}"
EndProject
Global
	GlobalSection(SolutionConfigurationPlatforms) = preSolution
		Debug|Any CPU = Debug|Any CPU
		Release|Any CPU = Release|Any CPU
	EndGlobalSection
	GlobalSection(ProjectConfigurationPlatforms) = postSolution
		{887190B9-A4F4-4D56-9A20-3C8C18259FAC}.Debug|Any CPU.ActiveCfg = Debug|Any CPU
		{887190B9-A4F4-4D56-9A20-3C8C18259FAC}.Debug|Any CPU.Build.0 = Debug|Any CPU
		{887190B9-A4F4-4D56-9A20-3C8C18259FAC}.Release|Any CPU.ActiveCfg = Release|Any CPU
		{887190B9-A4F4-4D56-9A20-3C8C18259FAC}.Release|Any CPU.Build.0 = Release|Any CPU
		{591448E8-68A8-4B23-9306-0CC06F1FC470}.Debug|Any CPU.ActiveCfg = Debug|Any CPU
		{591448E8-68A8-4B23-9306-0CC06F1FC470}.Debug|Any CPU.Build.0 = Debug|Any CPU
		{591448E8-68A8-4B23-9306-0CC06F1FC470}.Release|Any CPU.ActiveCfg = Release|Any CPU
		{591448E8-68A8-4B23-9306-0CC06F1FC470}.Release|Any CPU.Build.0 = Release|Any CPU
		{7CAA96D4-923B-4875-A7C8-641B11F18A37}.Debug|Any CPU.ActiveCfg = Debug|Any CPU
		{7CAA96D4-923B-4875-A7C8-641B11F18A37}.Debug|Any CPU.Build.0 = Debug|Any CPU
		{7CAA96D4-923B-4875-A7C8-641B11F18A37}.Release|Any CPU.ActiveCfg = Release|Any CPU
		{7CAA96D4-923B-4875-A7C8-641B11F18A37}.Release|Any CPU.Build.0 = Release|Any CPU
		{D2B416FA-AFA0-4928-8848-48AD7A8E2830}.Debug|Any CPU.ActiveCfg = Debug|Any CPU
		{D2B416FA-AFA0-4928-8848-48AD7A8E2830}.Debug|Any CPU.Build.0 = Debug|Any CPU
		{D2B416FA-AFA0-4928-8848-48AD7A8E2830}.Release|Any CPU.ActiveCfg = Release|Any CPU
		{D2B416FA-AFA0-4928-8848-48AD7A8E2830}.Release|Any CPU.Build.0 = Release|Any CPU
	EndGlobalSection
	GlobalSection(SolutionProperties) = preSolution
		HideSolutionNode = FALSE
	EndGlobalSection
	GlobalSection(ExtensibilityGlobals) = postSolution
		SolutionGuid = {B105CACC-BD25-4AA8-B801-AB02DB3FC9A7}
	EndGlobalSection
EndGlobal
