
Microsoft Visual Studio Solution File, Format Version 12.00
# Visual Studio 15
VisualStudioVersion = 15.0.28307.489
MinimumVisualStudioVersion = 10.0.40219.1
Project("{FAE04EC0-301F-11D3-BF4B-00C04F79EFBC}") = "DuplicatesInOnTime", "DuplicatesInOnTime\DuplicatesInOnTime.csproj", "{887190B9-A4F4-4D56-9A20-3C8C18259FAC}"
EndProject
Project("{FAE04EC0-301F-11D3-BF4B-00C04F79EFBC}") = "DI String Match", "DI String Match\DI String Match.csproj", "{591448E8-68A8-4B23-9306-0CC06F1FC470}"
EndProject
Project("{FAE04EC0-301F-11D3-BF4B-00C04F79EFBC}") = "MaximumProduct", "MaximumProduct\MaximumProduct.csproj", "{7CAA96D4-923B-4875-A7C8-641B11F18A37}"
EndProject
Project("{FAE04EC0-301F-11D3-BF4B-00C04F79EFBC}") = "Best Time to Buy and Sell Stock", "Best Time to Buy and Sell Stock\Best Time to Buy and Sell Stock.csproj", "{D2B416FA-AFA0-4928-8848-48AD7A8E2830}"
EndProject
Project("{FAE04EC0-301F-11D3-BF4B-00C04F79EFBC}") = "Contains Duplicate", "Contains Duplicate\Contains Duplicate.csproj", "{060FD613-3542-46F9-A699-38AAAE633C55}"
EndProject
Project("{FAE04EC0-301F-11D3-BF4B-00C04F79EFBC}") = "Maxium Subarray", "Maxium Subarray\Maxium Subarray.csproj", "{B6124070-5ED7-4E07-9830-6AF5190471E5}"
EndProject
Project("{FAE04EC0-301F-11D3-BF4B-00C04F79EFBC}") = "Sum of Two Integers", "Sum of Two Integers\Sum of Two Integers.csproj", "{1A53EE25-7DAF-407F-B427-E81C2D098713}"
EndProject
Project("{FAE04EC0-301F-11D3-BF4B-00C04F79EFBC}") = "Sum Lists", "Sum Lists\Sum Lists.csproj", "{8D89B0EC-21B2-4250-B840-7ABA27FD5584}"
EndProject
Project("{FAE04EC0-301F-11D3-BF4B-00C04F79EFBC}") = "StackOfPlates", "StackOfPlates\StackOfPlates.csproj", "{1B9686F5-FC48-4910-9F14-43D030B4FF81}"
EndProject
Project("{FAE04EC0-301F-11D3-BF4B-00C04F79EFBC}") = "BST", "BST\BST.csproj", "{57D1AC72-F327-4715-9712-AF8AD52F8D7D}"
EndProject
Project("{FAE04EC0-301F-11D3-BF4B-00C04F79EFBC}") = "HammingDistance", "HammingDistance\HammingDistance.csproj", "{BA5BCC30-E3FC-41BD-B33E-33F6609A3E4B}"
EndProject
Project("{FAE04EC0-301F-11D3-BF4B-00C04F79EFBC}") = "Sort Array By Parity", "Sort Array By Parity\Sort Array By Parity.csproj", "{AEA20AA0-F1AB-488B-8BA1-9B8F27FA6060}"
EndProject
Project("{FAE04EC0-301F-11D3-BF4B-00C04F79EFBC}") = "Outermost Parathenses", "Outermost Parathenses\Outermost Parathenses.csproj", "{270A329E-F85D-42EE-BD0C-C1057D4FC8AC}"
EndProject
Project("{FAE04EC0-301F-11D3-BF4B-00C04F79EFBC}") = "Find Mode in Binary Search Tree", "Find Mode in Binary Search Tree\Find Mode in Binary Search Tree.csproj", "{BFA7F5AC-C12A-4653-A1B0-636915CA81A5}"
EndProject
Project("{FAE04EC0-301F-11D3-BF4B-00C04F79EFBC}") = "ReverseLinkedList", "ReverseLinkedList\ReverseLinkedList.csproj", "{C82AE46A-2DD5-4D24-B068-60BA73B1BCCF}"
EndProject
Project("{FAE04EC0-301F-11D3-BF4B-00C04F79EFBC}") = "Self Dividing Numbers", "Self Dividing Numbers\Self Dividing Numbers.csproj", "{9DBFB2C2-1C2A-42FA-8F3A-3185FF071578}"
EndProject
Project("{FAE04EC0-301F-11D3-BF4B-00C04F79EFBC}") = "Array Partition I", "Array Partition I\Array Partition I.csproj", "{CEA0EB5A-4996-47B2-9A57-F6FE82C1097F}"
EndProject
Project("{FAE04EC0-301F-11D3-BF4B-00C04F79EFBC}") = "Intersection of Two Linked List", "Intersection of Two Linked List\Intersection of Two Linked List.csproj", "{DE621DCB-D149-4A27-8D59-7FA6DE4E1605}"
EndProject
Project("{FAE04EC0-301F-11D3-BF4B-00C04F79EFBC}") = "Implement Queue using Stacks", "Implement Queue using Stacks\Implement Queue using Stacks.csproj", "{6149714A-3F82-4937-B237-05348C2B1BAD}"
EndProject
Project("{FAE04EC0-301F-11D3-BF4B-00C04F79EFBC}") = "Happy Number", "Happy Number\Happy Number.csproj", "{0918152F-F627-401F-AB0C-68E90F8A3070}"
EndProject
Project("{FAE04EC0-301F-11D3-BF4B-00C04F79EFBC}") = "Remove Linked List Elements", "Remove Linked List Elements\Remove Linked List Elements.csproj", "{26202379-266C-40EF-8E3C-FD7712DEBB59}"
EndProject
Project("{FAE04EC0-301F-11D3-BF4B-00C04F79EFBC}") = "Middle of the Linked List", "Middle of the Linked List\Middle of the Linked List.csproj", "{E8F00981-1CB0-4B2C-A2DC-A91BF0A1F7A3}"
EndProject
Project("{FAE04EC0-301F-11D3-BF4B-00C04F79EFBC}") = "References", "References\References.csproj", "{9227EEB6-3222-438D-80D4-994888FEC41E}"
EndProject
Project("{FAE04EC0-301F-11D3-BF4B-00C04F79EFBC}") = "Remove Duplicates from Sorted List", "Remove Duplicates from Sorted List\Remove Duplicates from Sorted List.csproj", "{B1B0813C-504B-4CF9-8409-F8FA0E5DBDC0}"
EndProject
Project("{FAE04EC0-301F-11D3-BF4B-00C04F79EFBC}") = "Remove Duplicates from Sorted List II", "Remove Duplicates from Sorted List II\Remove Duplicates from Sorted List II.csproj", "{D3C7E393-5113-4517-91AC-8B997F6EF031}"
EndProject
Project("{FAE04EC0-301F-11D3-BF4B-00C04F79EFBC}") = "Palindrome Linked List", "Palindrome Linked List\Palindrome Linked List.csproj", "{273A7A73-9A08-419D-96DB-EECAE60360A1}"
EndProject
Project("{FAE04EC0-301F-11D3-BF4B-00C04F79EFBC}") = "Merge Two Sorted Lists", "Merge Two Sorted Lists\Merge Two Sorted Lists.csproj", "{CA4287A4-936C-4B36-8DF8-2FF31F121297}"
EndProject
Project("{FAE04EC0-301F-11D3-BF4B-00C04F79EFBC}") = "Add Strings", "Add Strings\Add Strings.csproj", "{1C39F94E-961C-4A1D-A3F5-099D913AD0E8}"
EndProject
Project("{FAE04EC0-301F-11D3-BF4B-00C04F79EFBC}") = "Search in a Binary Search Tree", "Search in a Binary Search Tree\Search in a Binary Search Tree.csproj", "{2FAA8316-1F77-48F1-9E24-5AB3B09DEAA4}"
EndProject
Project("{FAE04EC0-301F-11D3-BF4B-00C04F79EFBC}") = "Maximum Depth of N-ary Tree", "Maximum Depth of N-ary Tree\Maximum Depth of N-ary Tree.csproj", "{0E014FE2-F373-41F4-8C23-7D6D4BBFC7CB}"
EndProject
Project("{FAE04EC0-301F-11D3-BF4B-00C04F79EFBC}") = "Range Sum of BST", "Range Sum of BST\Range Sum of BST.csproj", "{3AB0A0BA-7D76-40BB-A185-D88B00893FD6}"
EndProject
Project("{FAE04EC0-301F-11D3-BF4B-00C04F79EFBC}") = "Robot Return to Origin", "Robot Return to Origin\Robot Return to Origin.csproj", "{440DC403-8222-4779-B191-D9A3C8EBC759}"
EndProject
Project("{FAE04EC0-301F-11D3-BF4B-00C04F79EFBC}") = "Merge Two Binary Trees", "Merge Two Binary Trees\Merge Two Binary Trees.csproj", "{877F9DF9-583C-4DF4-B912-E06C950E90AC}"
EndProject
Project("{FAE04EC0-301F-11D3-BF4B-00C04F79EFBC}") = "String Compression", "String Compression\String Compression.csproj", "{AE5BC252-EBB0-4822-B9C4-D6A791BDC1BF}"
EndProject
Global
	GlobalSection(SolutionConfigurationPlatforms) = preSolution
		Debug|Any CPU = Debug|Any CPU
		Release|Any CPU = Release|Any CPU
	EndGlobalSection
	GlobalSection(ProjectConfigurationPlatforms) = postSolution
		{887190B9-A4F4-4D56-9A20-3C8C18259FAC}.Debug|Any CPU.ActiveCfg = Debug|Any CPU
		{887190B9-A4F4-4D56-9A20-3C8C18259FAC}.Debug|Any CPU.Build.0 = Debug|Any CPU
		{887190B9-A4F4-4D56-9A20-3C8C18259FAC}.Release|Any CPU.ActiveCfg = Release|Any CPU
		{887190B9-A4F4-4D56-9A20-3C8C18259FAC}.Release|Any CPU.Build.0 = Release|Any CPU
		{591448E8-68A8-4B23-9306-0CC06F1FC470}.Debug|Any CPU.ActiveCfg = Debug|Any CPU
		{591448E8-68A8-4B23-9306-0CC06F1FC470}.Debug|Any CPU.Build.0 = Debug|Any CPU
		{591448E8-68A8-4B23-9306-0CC06F1FC470}.Release|Any CPU.ActiveCfg = Release|Any CPU
		{591448E8-68A8-4B23-9306-0CC06F1FC470}.Release|Any CPU.Build.0 = Release|Any CPU
		{7CAA96D4-923B-4875-A7C8-641B11F18A37}.Debug|Any CPU.ActiveCfg = Debug|Any CPU
		{7CAA96D4-923B-4875-A7C8-641B11F18A37}.Debug|Any CPU.Build.0 = Debug|Any CPU
		{7CAA96D4-923B-4875-A7C8-641B11F18A37}.Release|Any CPU.ActiveCfg = Release|Any CPU
		{7CAA96D4-923B-4875-A7C8-641B11F18A37}.Release|Any CPU.Build.0 = Release|Any CPU
		{D2B416FA-AFA0-4928-8848-48AD7A8E2830}.Debug|Any CPU.ActiveCfg = Debug|Any CPU
		{D2B416FA-AFA0-4928-8848-48AD7A8E2830}.Debug|Any CPU.Build.0 = Debug|Any CPU
		{D2B416FA-AFA0-4928-8848-48AD7A8E2830}.Release|Any CPU.ActiveCfg = Release|Any CPU
		{D2B416FA-AFA0-4928-8848-48AD7A8E2830}.Release|Any CPU.Build.0 = Release|Any CPU
		{060FD613-3542-46F9-A699-38AAAE633C55}.Debug|Any CPU.ActiveCfg = Debug|Any CPU
		{060FD613-3542-46F9-A699-38AAAE633C55}.Debug|Any CPU.Build.0 = Debug|Any CPU
		{060FD613-3542-46F9-A699-38AAAE633C55}.Release|Any CPU.ActiveCfg = Release|Any CPU
		{060FD613-3542-46F9-A699-38AAAE633C55}.Release|Any CPU.Build.0 = Release|Any CPU
		{B6124070-5ED7-4E07-9830-6AF5190471E5}.Debug|Any CPU.ActiveCfg = Debug|Any CPU
		{B6124070-5ED7-4E07-9830-6AF5190471E5}.Debug|Any CPU.Build.0 = Debug|Any CPU
		{B6124070-5ED7-4E07-9830-6AF5190471E5}.Release|Any CPU.ActiveCfg = Release|Any CPU
		{B6124070-5ED7-4E07-9830-6AF5190471E5}.Release|Any CPU.Build.0 = Release|Any CPU
		{1A53EE25-7DAF-407F-B427-E81C2D098713}.Debug|Any CPU.ActiveCfg = Debug|Any CPU
		{1A53EE25-7DAF-407F-B427-E81C2D098713}.Debug|Any CPU.Build.0 = Debug|Any CPU
		{1A53EE25-7DAF-407F-B427-E81C2D098713}.Release|Any CPU.ActiveCfg = Release|Any CPU
		{1A53EE25-7DAF-407F-B427-E81C2D098713}.Release|Any CPU.Build.0 = Release|Any CPU
		{8D89B0EC-21B2-4250-B840-7ABA27FD5584}.Debug|Any CPU.ActiveCfg = Debug|Any CPU
		{8D89B0EC-21B2-4250-B840-7ABA27FD5584}.Debug|Any CPU.Build.0 = Debug|Any CPU
		{8D89B0EC-21B2-4250-B840-7ABA27FD5584}.Release|Any CPU.ActiveCfg = Release|Any CPU
		{8D89B0EC-21B2-4250-B840-7ABA27FD5584}.Release|Any CPU.Build.0 = Release|Any CPU
		{1B9686F5-FC48-4910-9F14-43D030B4FF81}.Debug|Any CPU.ActiveCfg = Debug|Any CPU
		{1B9686F5-FC48-4910-9F14-43D030B4FF81}.Debug|Any CPU.Build.0 = Debug|Any CPU
		{1B9686F5-FC48-4910-9F14-43D030B4FF81}.Release|Any CPU.ActiveCfg = Release|Any CPU
		{1B9686F5-FC48-4910-9F14-43D030B4FF81}.Release|Any CPU.Build.0 = Release|Any CPU
		{57D1AC72-F327-4715-9712-AF8AD52F8D7D}.Debug|Any CPU.ActiveCfg = Debug|Any CPU
		{57D1AC72-F327-4715-9712-AF8AD52F8D7D}.Debug|Any CPU.Build.0 = Debug|Any CPU
		{57D1AC72-F327-4715-9712-AF8AD52F8D7D}.Release|Any CPU.ActiveCfg = Release|Any CPU
		{57D1AC72-F327-4715-9712-AF8AD52F8D7D}.Release|Any CPU.Build.0 = Release|Any CPU
		{BA5BCC30-E3FC-41BD-B33E-33F6609A3E4B}.Debug|Any CPU.ActiveCfg = Debug|Any CPU
		{BA5BCC30-E3FC-41BD-B33E-33F6609A3E4B}.Debug|Any CPU.Build.0 = Debug|Any CPU
		{BA5BCC30-E3FC-41BD-B33E-33F6609A3E4B}.Release|Any CPU.ActiveCfg = Release|Any CPU
		{BA5BCC30-E3FC-41BD-B33E-33F6609A3E4B}.Release|Any CPU.Build.0 = Release|Any CPU
		{AEA20AA0-F1AB-488B-8BA1-9B8F27FA6060}.Debug|Any CPU.ActiveCfg = Debug|Any CPU
		{AEA20AA0-F1AB-488B-8BA1-9B8F27FA6060}.Debug|Any CPU.Build.0 = Debug|Any CPU
		{AEA20AA0-F1AB-488B-8BA1-9B8F27FA6060}.Release|Any CPU.ActiveCfg = Release|Any CPU
		{AEA20AA0-F1AB-488B-8BA1-9B8F27FA6060}.Release|Any CPU.Build.0 = Release|Any CPU
		{270A329E-F85D-42EE-BD0C-C1057D4FC8AC}.Debug|Any CPU.ActiveCfg = Debug|Any CPU
		{270A329E-F85D-42EE-BD0C-C1057D4FC8AC}.Debug|Any CPU.Build.0 = Debug|Any CPU
		{270A329E-F85D-42EE-BD0C-C1057D4FC8AC}.Release|Any CPU.ActiveCfg = Release|Any CPU
		{270A329E-F85D-42EE-BD0C-C1057D4FC8AC}.Release|Any CPU.Build.0 = Release|Any CPU
		{BFA7F5AC-C12A-4653-A1B0-636915CA81A5}.Debug|Any CPU.ActiveCfg = Debug|Any CPU
		{BFA7F5AC-C12A-4653-A1B0-636915CA81A5}.Debug|Any CPU.Build.0 = Debug|Any CPU
		{BFA7F5AC-C12A-4653-A1B0-636915CA81A5}.Release|Any CPU.ActiveCfg = Release|Any CPU
		{BFA7F5AC-C12A-4653-A1B0-636915CA81A5}.Release|Any CPU.Build.0 = Release|Any CPU
		{C82AE46A-2DD5-4D24-B068-60BA73B1BCCF}.Debug|Any CPU.ActiveCfg = Debug|Any CPU
		{C82AE46A-2DD5-4D24-B068-60BA73B1BCCF}.Debug|Any CPU.Build.0 = Debug|Any CPU
		{C82AE46A-2DD5-4D24-B068-60BA73B1BCCF}.Release|Any CPU.ActiveCfg = Release|Any CPU
		{C82AE46A-2DD5-4D24-B068-60BA73B1BCCF}.Release|Any CPU.Build.0 = Release|Any CPU
		{9DBFB2C2-1C2A-42FA-8F3A-3185FF071578}.Debug|Any CPU.ActiveCfg = Debug|Any CPU
		{9DBFB2C2-1C2A-42FA-8F3A-3185FF071578}.Debug|Any CPU.Build.0 = Debug|Any CPU
		{9DBFB2C2-1C2A-42FA-8F3A-3185FF071578}.Release|Any CPU.ActiveCfg = Release|Any CPU
		{9DBFB2C2-1C2A-42FA-8F3A-3185FF071578}.Release|Any CPU.Build.0 = Release|Any CPU
		{CEA0EB5A-4996-47B2-9A57-F6FE82C1097F}.Debug|Any CPU.ActiveCfg = Debug|Any CPU
		{CEA0EB5A-4996-47B2-9A57-F6FE82C1097F}.Debug|Any CPU.Build.0 = Debug|Any CPU
		{CEA0EB5A-4996-47B2-9A57-F6FE82C1097F}.Release|Any CPU.ActiveCfg = Release|Any CPU
		{CEA0EB5A-4996-47B2-9A57-F6FE82C1097F}.Release|Any CPU.Build.0 = Release|Any CPU
		{DE621DCB-D149-4A27-8D59-7FA6DE4E1605}.Debug|Any CPU.ActiveCfg = Debug|Any CPU
		{DE621DCB-D149-4A27-8D59-7FA6DE4E1605}.Debug|Any CPU.Build.0 = Debug|Any CPU
		{DE621DCB-D149-4A27-8D59-7FA6DE4E1605}.Release|Any CPU.ActiveCfg = Release|Any CPU
		{DE621DCB-D149-4A27-8D59-7FA6DE4E1605}.Release|Any CPU.Build.0 = Release|Any CPU
		{6149714A-3F82-4937-B237-05348C2B1BAD}.Debug|Any CPU.ActiveCfg = Debug|Any CPU
		{6149714A-3F82-4937-B237-05348C2B1BAD}.Debug|Any CPU.Build.0 = Debug|Any CPU
		{6149714A-3F82-4937-B237-05348C2B1BAD}.Release|Any CPU.ActiveCfg = Release|Any CPU
		{6149714A-3F82-4937-B237-05348C2B1BAD}.Release|Any CPU.Build.0 = Release|Any CPU
		{0918152F-F627-401F-AB0C-68E90F8A3070}.Debug|Any CPU.ActiveCfg = Debug|Any CPU
		{0918152F-F627-401F-AB0C-68E90F8A3070}.Debug|Any CPU.Build.0 = Debug|Any CPU
		{0918152F-F627-401F-AB0C-68E90F8A3070}.Release|Any CPU.ActiveCfg = Release|Any CPU
		{0918152F-F627-401F-AB0C-68E90F8A3070}.Release|Any CPU.Build.0 = Release|Any CPU
		{26202379-266C-40EF-8E3C-FD7712DEBB59}.Debug|Any CPU.ActiveCfg = Debug|Any CPU
		{26202379-266C-40EF-8E3C-FD7712DEBB59}.Debug|Any CPU.Build.0 = Debug|Any CPU
		{26202379-266C-40EF-8E3C-FD7712DEBB59}.Release|Any CPU.ActiveCfg = Release|Any CPU
		{26202379-266C-40EF-8E3C-FD7712DEBB59}.Release|Any CPU.Build.0 = Release|Any CPU
		{E8F00981-1CB0-4B2C-A2DC-A91BF0A1F7A3}.Debug|Any CPU.ActiveCfg = Debug|Any CPU
		{E8F00981-1CB0-4B2C-A2DC-A91BF0A1F7A3}.Debug|Any CPU.Build.0 = Debug|Any CPU
		{E8F00981-1CB0-4B2C-A2DC-A91BF0A1F7A3}.Release|Any CPU.ActiveCfg = Release|Any CPU
		{E8F00981-1CB0-4B2C-A2DC-A91BF0A1F7A3}.Release|Any CPU.Build.0 = Release|Any CPU
		{9227EEB6-3222-438D-80D4-994888FEC41E}.Debug|Any CPU.ActiveCfg = Debug|Any CPU
		{9227EEB6-3222-438D-80D4-994888FEC41E}.Debug|Any CPU.Build.0 = Debug|Any CPU
		{9227EEB6-3222-438D-80D4-994888FEC41E}.Release|Any CPU.ActiveCfg = Release|Any CPU
		{9227EEB6-3222-438D-80D4-994888FEC41E}.Release|Any CPU.Build.0 = Release|Any CPU
		{B1B0813C-504B-4CF9-8409-F8FA0E5DBDC0}.Debug|Any CPU.ActiveCfg = Debug|Any CPU
		{B1B0813C-504B-4CF9-8409-F8FA0E5DBDC0}.Debug|Any CPU.Build.0 = Debug|Any CPU
		{B1B0813C-504B-4CF9-8409-F8FA0E5DBDC0}.Release|Any CPU.ActiveCfg = Release|Any CPU
		{B1B0813C-504B-4CF9-8409-F8FA0E5DBDC0}.Release|Any CPU.Build.0 = Release|Any CPU
		{D3C7E393-5113-4517-91AC-8B997F6EF031}.Debug|Any CPU.ActiveCfg = Debug|Any CPU
		{D3C7E393-5113-4517-91AC-8B997F6EF031}.Debug|Any CPU.Build.0 = Debug|Any CPU
		{D3C7E393-5113-4517-91AC-8B997F6EF031}.Release|Any CPU.ActiveCfg = Release|Any CPU
		{D3C7E393-5113-4517-91AC-8B997F6EF031}.Release|Any CPU.Build.0 = Release|Any CPU
		{273A7A73-9A08-419D-96DB-EECAE60360A1}.Debug|Any CPU.ActiveCfg = Debug|Any CPU
		{273A7A73-9A08-419D-96DB-EECAE60360A1}.Debug|Any CPU.Build.0 = Debug|Any CPU
		{273A7A73-9A08-419D-96DB-EECAE60360A1}.Release|Any CPU.ActiveCfg = Release|Any CPU
		{273A7A73-9A08-419D-96DB-EECAE60360A1}.Release|Any CPU.Build.0 = Release|Any CPU
		{CA4287A4-936C-4B36-8DF8-2FF31F121297}.Debug|Any CPU.ActiveCfg = Debug|Any CPU
		{CA4287A4-936C-4B36-8DF8-2FF31F121297}.Debug|Any CPU.Build.0 = Debug|Any CPU
		{CA4287A4-936C-4B36-8DF8-2FF31F121297}.Release|Any CPU.ActiveCfg = Release|Any CPU
		{CA4287A4-936C-4B36-8DF8-2FF31F121297}.Release|Any CPU.Build.0 = Release|Any CPU
		{1C39F94E-961C-4A1D-A3F5-099D913AD0E8}.Debug|Any CPU.ActiveCfg = Debug|Any CPU
		{1C39F94E-961C-4A1D-A3F5-099D913AD0E8}.Debug|Any CPU.Build.0 = Debug|Any CPU
		{1C39F94E-961C-4A1D-A3F5-099D913AD0E8}.Release|Any CPU.ActiveCfg = Release|Any CPU
		{1C39F94E-961C-4A1D-A3F5-099D913AD0E8}.Release|Any CPU.Build.0 = Release|Any CPU
		{2FAA8316-1F77-48F1-9E24-5AB3B09DEAA4}.Debug|Any CPU.ActiveCfg = Debug|Any CPU
		{2FAA8316-1F77-48F1-9E24-5AB3B09DEAA4}.Debug|Any CPU.Build.0 = Debug|Any CPU
		{2FAA8316-1F77-48F1-9E24-5AB3B09DEAA4}.Release|Any CPU.ActiveCfg = Release|Any CPU
		{2FAA8316-1F77-48F1-9E24-5AB3B09DEAA4}.Release|Any CPU.Build.0 = Release|Any CPU
		{0E014FE2-F373-41F4-8C23-7D6D4BBFC7CB}.Debug|Any CPU.ActiveCfg = Debug|Any CPU
		{0E014FE2-F373-41F4-8C23-7D6D4BBFC7CB}.Debug|Any CPU.Build.0 = Debug|Any CPU
		{0E014FE2-F373-41F4-8C23-7D6D4BBFC7CB}.Release|Any CPU.ActiveCfg = Release|Any CPU
		{0E014FE2-F373-41F4-8C23-7D6D4BBFC7CB}.Release|Any CPU.Build.0 = Release|Any CPU
		{3AB0A0BA-7D76-40BB-A185-D88B00893FD6}.Debug|Any CPU.ActiveCfg = Debug|Any CPU
		{3AB0A0BA-7D76-40BB-A185-D88B00893FD6}.Debug|Any CPU.Build.0 = Debug|Any CPU
		{3AB0A0BA-7D76-40BB-A185-D88B00893FD6}.Release|Any CPU.ActiveCfg = Release|Any CPU
		{3AB0A0BA-7D76-40BB-A185-D88B00893FD6}.Release|Any CPU.Build.0 = Release|Any CPU
		{440DC403-8222-4779-B191-D9A3C8EBC759}.Debug|Any CPU.ActiveCfg = Debug|Any CPU
		{440DC403-8222-4779-B191-D9A3C8EBC759}.Debug|Any CPU.Build.0 = Debug|Any CPU
		{440DC403-8222-4779-B191-D9A3C8EBC759}.Release|Any CPU.ActiveCfg = Release|Any CPU
		{440DC403-8222-4779-B191-D9A3C8EBC759}.Release|Any CPU.Build.0 = Release|Any CPU
		{877F9DF9-583C-4DF4-B912-E06C950E90AC}.Debug|Any CPU.ActiveCfg = Debug|Any CPU
		{877F9DF9-583C-4DF4-B912-E06C950E90AC}.Debug|Any CPU.Build.0 = Debug|Any CPU
		{877F9DF9-583C-4DF4-B912-E06C950E90AC}.Release|Any CPU.ActiveCfg = Release|Any CPU
		{877F9DF9-583C-4DF4-B912-E06C950E90AC}.Release|Any CPU.Build.0 = Release|Any CPU
		{AE5BC252-EBB0-4822-B9C4-D6A791BDC1BF}.Debug|Any CPU.ActiveCfg = Debug|Any CPU
		{AE5BC252-EBB0-4822-B9C4-D6A791BDC1BF}.Debug|Any CPU.Build.0 = Debug|Any CPU
		{AE5BC252-EBB0-4822-B9C4-D6A791BDC1BF}.Release|Any CPU.ActiveCfg = Release|Any CPU
		{AE5BC252-EBB0-4822-B9C4-D6A791BDC1BF}.Release|Any CPU.Build.0 = Release|Any CPU
	EndGlobalSection
	GlobalSection(SolutionProperties) = preSolution
		HideSolutionNode = FALSE
	EndGlobalSection
	GlobalSection(ExtensibilityGlobals) = postSolution
		SolutionGuid = {B105CACC-BD25-4AA8-B801-AB02DB3FC9A7}
	EndGlobalSection
EndGlobal
